
Microsoft Visual Studio Solution File, Format Version 12.00
# Visual Studio Version 16
VisualStudioVersion = 16.0.29613.14
MinimumVisualStudioVersion = 10.0.40219.1
Project("{FAE04EC0-301F-11D3-BF4B-00C04F79EFBC}") = "WebService", "WebService\WebService.csproj", "{846FC1E4-805C-47B5-B914-493F46C58576}"
EndProject
Global
	GlobalSection(SolutionConfigurationPlatforms) = preSolution
		Debug|Any CPU = Debug|Any CPU
		Release|Any CPU = Release|Any CPU
	EndGlobalSection
	GlobalSection(ProjectConfigurationPlatforms) = postSolution
		{846FC1E4-805C-47B5-B914-493F46C58576}.Debug|Any CPU.ActiveCfg = Debug|Any CPU
		{846FC1E4-805C-47B5-B914-493F46C58576}.Debug|Any CPU.Build.0 = Debug|Any CPU
		{846FC1E4-805C-47B5-B914-493F46C58576}.Release|Any CPU.ActiveCfg = Release|Any CPU
		{846FC1E4-805C-47B5-B914-493F46C58576}.Release|Any CPU.Build.0 = Release|Any CPU
	EndGlobalSection
	GlobalSection(SolutionProperties) = preSolution
		HideSolutionNode = FALSE
	EndGlobalSection
	GlobalSection(ExtensibilityGlobals) = postSolution
		SolutionGuid = {ED169E07-0138-44EF-89B9-8CF4AEC05C0E}
	EndGlobalSection
EndGlobal
