
Microsoft Visual Studio Solution File, Format Version 12.00
# Visual Studio Version 16
VisualStudioVersion = 16.0.29613.14
MinimumVisualStudioVersion = 10.0.40219.1
Project("{9A19103F-16F7-4668-BE54-9A1E7A4F7556}") = "CacheDemo", "CacheDemo\CacheDemo.csproj", "{976253BA-7D0F-4B56-9224-9569E1AA9B05}"
EndProject
Global
	GlobalSection(SolutionConfigurationPlatforms) = preSolution
		Debug|Any CPU = Debug|Any CPU
		Release|Any CPU = Release|Any CPU
	EndGlobalSection
	GlobalSection(ProjectConfigurationPlatforms) = postSolution
		{976253BA-7D0F-4B56-9224-9569E1AA9B05}.Debug|Any CPU.ActiveCfg = Debug|Any CPU
		{976253BA-7D0F-4B56-9224-9569E1AA9B05}.Debug|Any CPU.Build.0 = Debug|Any CPU
		{976253BA-7D0F-4B56-9224-9569E1AA9B05}.Release|Any CPU.ActiveCfg = Release|Any CPU
		{976253BA-7D0F-4B56-9224-9569E1AA9B05}.Release|Any CPU.Build.0 = Release|Any CPU
	EndGlobalSection
	GlobalSection(SolutionProperties) = preSolution
		HideSolutionNode = FALSE
	EndGlobalSection
	GlobalSection(ExtensibilityGlobals) = postSolution
		SolutionGuid = {ED169E07-0138-44EF-89B9-8CF4AEC05C0E}
	EndGlobalSection
EndGlobal
