
Microsoft Visual Studio Solution File, Format Version 12.00
# Visual Studio Version 16
VisualStudioVersion = 16.0.29613.14
MinimumVisualStudioVersion = 10.0.40219.1
Project("{FAE04EC0-301F-11D3-BF4B-00C04F79EFBC}") = "HelloNancy", "HelloNancy\HelloNancy.csproj", "{ED638DD5-E755-4B7A-940D-5C94AB425686}"
EndProject
Project("{FAE04EC0-301F-11D3-BF4B-00C04F79EFBC}") = "NancyConsole", "NancyConsole\NancyConsole.csproj", "{1A006A80-3E5F-49B7-9AD0-BDD51278BF6E}"
EndProject
Global
	GlobalSection(SolutionConfigurationPlatforms) = preSolution
		Debug|Any CPU = Debug|Any CPU
		Release|Any CPU = Release|Any CPU
	EndGlobalSection
	GlobalSection(ProjectConfigurationPlatforms) = postSolution
		{ED638DD5-E755-4B7A-940D-5C94AB425686}.Debug|Any CPU.ActiveCfg = Debug|Any CPU
		{ED638DD5-E755-4B7A-940D-5C94AB425686}.Debug|Any CPU.Build.0 = Debug|Any CPU
		{ED638DD5-E755-4B7A-940D-5C94AB425686}.Release|Any CPU.ActiveCfg = Release|Any CPU
		{ED638DD5-E755-4B7A-940D-5C94AB425686}.Release|Any CPU.Build.0 = Release|Any CPU
		{1A006A80-3E5F-49B7-9AD0-BDD51278BF6E}.Debug|Any CPU.ActiveCfg = Debug|Any CPU
		{1A006A80-3E5F-49B7-9AD0-BDD51278BF6E}.Debug|Any CPU.Build.0 = Debug|Any CPU
		{1A006A80-3E5F-49B7-9AD0-BDD51278BF6E}.Release|Any CPU.ActiveCfg = Release|Any CPU
		{1A006A80-3E5F-49B7-9AD0-BDD51278BF6E}.Release|Any CPU.Build.0 = Release|Any CPU
	EndGlobalSection
	GlobalSection(SolutionProperties) = preSolution
		HideSolutionNode = FALSE
	EndGlobalSection
	GlobalSection(ExtensibilityGlobals) = postSolution
		SolutionGuid = {ED169E07-0138-44EF-89B9-8CF4AEC05C0E}
	EndGlobalSection
EndGlobal
